
Microsoft Visual Studio Solution File, Format Version 12.00
Project("{FAE04EC0-301F-11D3-BF4B-00C04F79EFBC}") = "s30543_kolokwium1", "s30543_kolokwium1\s30543_kolokwium1.csproj", "{44852C0F-4FDF-4B8E-8ABC-EC04586D828E}"
EndProject
Global
	GlobalSection(SolutionConfigurationPlatforms) = preSolution
		Debug|Any CPU = Debug|Any CPU
		Release|Any CPU = Release|Any CPU
	EndGlobalSection
	GlobalSection(ProjectConfigurationPlatforms) = postSolution
		{44852C0F-4FDF-4B8E-8ABC-EC04586D828E}.Debug|Any CPU.ActiveCfg = Debug|Any CPU
		{44852C0F-4FDF-4B8E-8ABC-EC04586D828E}.Debug|Any CPU.Build.0 = Debug|Any CPU
		{44852C0F-4FDF-4B8E-8ABC-EC04586D828E}.Release|Any CPU.ActiveCfg = Release|Any CPU
		{44852C0F-4FDF-4B8E-8ABC-EC04586D828E}.Release|Any CPU.Build.0 = Release|Any CPU
	EndGlobalSection
EndGlobal
